#MicroXplorer Configuration settings - do not modify
CAD.formats=
CAD.pinconfig=
CAD.provider=
File.Version=6
GPIO.groupedBy=Group By Peripherals
KeepUserPlacement=false
LPTIM1.ClockPrescaler=LPTIM_PRESCALER_DIV128
LPTIM1.IPParameters=ClockPrescaler
MMTAppRegionsCount=0
MMTConfigApplied=false
Mcu.CPN=STM32WB1MMCH6TR
Mcu.Family=STM32WB
Mcu.IP0=HSEM
Mcu.IP1=IPCC
Mcu.IP10=STM32_WPAN
Mcu.IP11=SYS
Mcu.IP12=TINY_LPM
Mcu.IP2=LPTIM1
Mcu.IP3=MEMORYMAP
Mcu.IP4=NVIC
Mcu.IP5=RCC
Mcu.IP6=RF
Mcu.IP7=RTC
Mcu.IP8=SEQUENCER
Mcu.IP9=SPI1
Mcu.IPNb=13
Mcu.Name=STM32WB1MMCHx
Mcu.Package=LGA77
Mcu.Pin0=PA4
Mcu.Pin1=PA6
Mcu.Pin10=VP_RTC_VS_RTC_Activate
Mcu.Pin11=VP_RTC_VS_RTC_WakeUp_intern
Mcu.Pin12=VP_SEQUENCER_VS_SEQUENCER
Mcu.Pin13=VP_STM32_WPAN_VS_BLE_HOST
Mcu.Pin14=VP_SYS_VS_Systick
Mcu.Pin15=VP_TINY_LPM_VS_TINY_LPM
Mcu.Pin16=VP_MEMORYMAP_VS_MEMORYMAP
Mcu.Pin2=PA7
Mcu.Pin3=PA5
Mcu.Pin4=VP_HSEM_VS_HSEM
Mcu.Pin5=VP_IPCC_VS_IPCC
Mcu.Pin6=VP_LPTIM1_VS_LPTIM_counterModeInternalClock
Mcu.Pin7=VP_RCC_V_OSC_IN
Mcu.Pin8=VP_RCC_V_OSC32_IN
Mcu.Pin9=VP_RF_VS_RF
Mcu.PinsNb=17
Mcu.ThirdPartyNb=0
Mcu.UserConstants=
Mcu.UserName=STM32WB1MMCHx
MxCube.Version=6.14.0
MxDb.Version=DB.6.0.140
NVIC.BusFault_IRQn=true\:0\:0\:false\:false\:true\:false\:false\:false
NVIC.DebugMonitor_IRQn=true\:0\:0\:false\:false\:true\:false\:false\:false
NVIC.ForceEnableDMAVector=true
NVIC.HSEM_IRQn=true\:0\:0\:false\:false\:true\:false\:true\:true
NVIC.HardFault_IRQn=true\:0\:0\:false\:false\:true\:false\:false\:false
NVIC.IPCC_C1_RX_IRQn=true\:0\:0\:false\:false\:true\:true\:true\:true
NVIC.IPCC_C1_TX_IRQn=true\:0\:0\:false\:false\:true\:true\:true\:true
NVIC.MemoryManagement_IRQn=true\:0\:0\:false\:false\:true\:false\:false\:false
NVIC.NonMaskableInt_IRQn=true\:0\:0\:false\:false\:true\:false\:false\:false
NVIC.PendSV_IRQn=true\:0\:0\:false\:false\:true\:false\:false\:false
NVIC.PriorityGroup=NVIC_PRIORITYGROUP_4
NVIC.RTC_WKUP_IRQn=true\:0\:0\:false\:false\:true\:true\:true\:true
NVIC.SVCall_IRQn=true\:0\:0\:false\:false\:true\:false\:false\:false
NVIC.SysTick_IRQn=true\:15\:0\:false\:false\:true\:false\:true\:false
NVIC.UsageFault_IRQn=true\:0\:0\:false\:false\:true\:false\:false\:false
PA4.Locked=true
PA4.Signal=GPIO_Output
PA5.Locked=true
PA5.Mode=Full_Duplex_Master
PA5.Signal=SPI1_SCK
PA6.Mode=Full_Duplex_Master
PA6.Signal=SPI1_MISO
PA7.Locked=true
PA7.Mode=Full_Duplex_Master
PA7.Signal=SPI1_MOSI
PCC.Ble.ConnectionInterval=1000.0
PCC.Ble.DataLength=6
PCC.Ble.IsUsed=false
PCC.Ble.Mode=NOT_SELECTED
PCC.Ble.PowerLevel=Min
PinOutPanel.CurrentBGAView=Top
PinOutPanel.RotationAngle=0
ProjectManager.AskForMigrate=true
ProjectManager.BackupPrevious=false
ProjectManager.CompilerLinker=GCC
ProjectManager.CompilerOptimize=6
ProjectManager.ComputerToolchain=false
ProjectManager.CoupleFile=false
ProjectManager.CustomerFirmwarePackage=
ProjectManager.DefaultFWLocation=true
ProjectManager.DeletePrevious=true
ProjectManager.DeviceId=STM32WB1MMCHx
ProjectManager.FirmwarePackage=STM32Cube FW_WB V1.22.1
ProjectManager.FreePins=false
ProjectManager.HalAssertFull=false
ProjectManager.HeapSize=0x200
ProjectManager.KeepUserCode=true
ProjectManager.LastFirmware=true
ProjectManager.LibraryCopy=1
ProjectManager.MainLocation=Core/Src
ProjectManager.NoMain=false
ProjectManager.PreviousToolchain=
ProjectManager.ProjectBuild=false
ProjectManager.ProjectFileName=Tire_Sensor.ioc
ProjectManager.ProjectName=Tire_Sensor
ProjectManager.ProjectStructure=
ProjectManager.RegisterCallBack=
ProjectManager.StackSize=0x400
ProjectManager.TargetToolchain=STM32CubeIDE
ProjectManager.ToolChainLocation=
ProjectManager.UAScriptAfterPath=
ProjectManager.UAScriptBeforePath=
ProjectManager.UnderRoot=true
ProjectManager.functionlistsort=1-SystemClock_Config-RCC-false-HAL-false,2-MX_GPIO_Init-GPIO-false-HAL-true,3-MX_IPCC_Init-IPCC-false-HAL-true,4-MX_RTC_Init-RTC-false-HAL-true,5-MX_SPI1_Init-SPI1-false-HAL-true,6-APPE_Init-STM32_WPAN-false-HAL-false,7-MX_RF_Init-RF-false-HAL-true,0-MX_HSEM_Init-HSEM-false-HAL-true
RCC.AHBFreq_Value=32000000
RCC.APB1Freq_Value=32000000
RCC.APB1TimFreq_Value=32000000
RCC.APB2Freq_Value=32000000
RCC.APB2TimFreq_Value=32000000
RCC.APB3Freq_Value=16000000
RCC.Cortex2Freq_Value=32000000
RCC.CortexFreq_Value=32000000
RCC.FCLKCortexFreq_Value=32000000
RCC.FamilyName=M
RCC.HCLK2Freq_Value=32000000
RCC.HCLK3Freq_Value=32000000
RCC.HCLKFreq_Value=32000000
RCC.HCLKRFFreq_Value=16000000
RCC.HSE_VALUE=32000000
RCC.HSI_VALUE=16000000
RCC.I2C1Freq_Value=32000000
RCC.IPParameters=AHBFreq_Value,APB1Freq_Value,APB1TimFreq_Value,APB2Freq_Value,APB2TimFreq_Value,APB3Freq_Value,Cortex2Freq_Value,CortexFreq_Value,FCLKCortexFreq_Value,FamilyName,HCLK2Freq_Value,HCLK3Freq_Value,HCLKFreq_Value,HCLKRFFreq_Value,HSE_VALUE,HSI_VALUE,I2C1Freq_Value,LPTIM1CLockSelection,LPTIM1Freq_Value,LPTIM2Freq_Value,LPUART1Freq_Value,LSCOPinFreq_Value,LSI_VALUE,MCO1PinFreq_Value,PLLM,PLLN,PLLPoutputFreq_Value,PLLQoutputFreq_Value,PLLRCLKFreq_Value,PLLSourceVirtual,PWRFreq_Value,RFWKPClockSelection,RFWKPFreq_Value,RNGFreq_Value,RTCClockSelection,RTCFreq_Value,SMPS1Freq_Value,SMPSCLockSelectionVirtual,SMPSDivider,SMPSFreq_Value,SYSCLKFreq_VALUE,SYSCLKSource,USART1Freq_Value,VCOInputFreq_Value,VCOOutputFreq_Value
RCC.LPTIM1CLockSelection=RCC_LPTIM1CLKSOURCE_LSE
RCC.LPTIM1Freq_Value=32768
RCC.LPTIM2Freq_Value=32000000
RCC.LPUART1Freq_Value=32000000
RCC.LSCOPinFreq_Value=32000
RCC.LSI_VALUE=32000
RCC.MCO1PinFreq_Value=32000000
RCC.PLLM=RCC_PLLM_DIV2
RCC.PLLN=6
RCC.PLLPoutputFreq_Value=48000000
RCC.PLLQoutputFreq_Value=48000000
RCC.PLLRCLKFreq_Value=48000000
RCC.PLLSourceVirtual=RCC_PLLSOURCE_HSE
RCC.PWRFreq_Value=32000000
RCC.RFWKPClockSelection=RCC_RFWKPCLKSOURCE_LSE
RCC.RFWKPFreq_Value=32768
RCC.RNGFreq_Value=32000
RCC.RTCClockSelection=RCC_RTCCLKSOURCE_LSE
RCC.RTCFreq_Value=32768
RCC.SMPS1Freq_Value=8000000
RCC.SMPSCLockSelectionVirtual=RCC_SMPSCLKSOURCE_HSE
RCC.SMPSDivider=4
RCC.SMPSFreq_Value=4000000
RCC.SYSCLKFreq_VALUE=32000000
RCC.SYSCLKSource=RCC_SYSCLKSOURCE_HSE
RCC.USART1Freq_Value=32000000
RCC.VCOInputFreq_Value=16000000
RCC.VCOOutputFreq_Value=96000000
SPI1.CalculateBaudRate=16.0 MBits/s
SPI1.Direction=SPI_DIRECTION_2LINES
SPI1.IPParameters=VirtualType,Mode,Direction,CalculateBaudRate
SPI1.Mode=SPI_MODE_MASTER
SPI1.VirtualType=VM_MASTER
STM32_WPAN.AD_TYPE_128_BIT_SERV_UUID_CMPLT_LIST=00,00,23,25,CC,7A,48,2A,98,4A,7F,2E,D5,B3,E5,8F
STM32_WPAN.AD_TYPE_128_BIT_SERV_UUID_CMPLT_LIST_INV=[8F, E5, B3, D5, 2E, 7F, 4A, 98, 2A, 48, 7A, CC, 25, 23, 00, 00]
STM32_WPAN.AD_TYPE_COMPLETE_LOCAL_NAME=SENSOR1
STM32_WPAN.AD_TYPE_COMPLETE_LOCAL_NAME_LENGTH=8
STM32_WPAN.AD_TYPE_SHORTENED_LOCAL_NAME=S3
STM32_WPAN.AD_TYPE_SHORTENED_LOCAL_NAME_LENGTH=3
STM32_WPAN.CFG_BONDING_MODE=1
STM32_WPAN.CFG_HW_RESET_BY_FW=1
STM32_WPAN.CFG_LPM_STANDBY_SUPPORTED=1
STM32_WPAN.CFG_LPM_SUPPORTED=1
STM32_WPAN.CFG_LSCLK_LSE=0
STM32_WPAN.CFG_TX_POWER=(0x1F) /* 6dBm */
STM32_WPAN.CFG_USE_SMPS=1
STM32_WPAN.CUSTOM_P2P_SERVER=Disabled
STM32_WPAN.CUSTOM_TEMPLATE=Enabled
STM32_WPAN.INCLUDE_AD_TYPE_128_BIT_SERV_UUID_CMPLT_LIST=1
STM32_WPAN.INCLUDE_AD_TYPE_16_BIT_SERV_UUID_CMPLT_LIST=0
STM32_WPAN.INCLUDE_AD_TYPE_COMPLETE_LOCAL_NAME=0
STM32_WPAN.INCLUDE_AD_TYPE_LE_ROLE=1
STM32_WPAN.INCLUDE_AD_TYPE_SHORTENED_LOCAL_NAME=1
STM32_WPAN.IPParameters=CUSTOM_P2P_SERVER,CUSTOM_TEMPLATE,INCLUDE_AD_TYPE_COMPLETE_LOCAL_NAME,AD_TYPE_COMPLETE_LOCAL_NAME,AD_TYPE_COMPLETE_LOCAL_NAME_LENGTH,INCLUDE_AD_TYPE_128_BIT_SERV_UUID_CMPLT_LIST,AD_TYPE_128_BIT_SERV_UUID_CMPLT_LIST,AD_TYPE_128_BIT_SERV_UUID_CMPLT_LIST_INV,PAIRING_PARAMETERS,CFG_BONDING_MODE,NUMBER_OF_SERVICES,SERVICE1_LONG_NAME,SERVICE1_SHORT_NAME,SERVICE1_UUID,SERVICE1_CHAR1_LONG_NAME,SERVICE1_CHAR1_SHORT_NAME,SERVICE1_CHAR1_UUID,SERVICE1_CHAR1_LENGTH_CHARACTERISTIC,SERVICE1_CHAR1_VALUE_LENGTH,SERVICE1_CHAR1_PROP_READ,SERVICE1_CHAR1_PROP_NOTIFY,SERVICE1_CHAR1_GATT_NOTIFY_WRITE_REQ_AND_WAIT_FOR_APPL_RESP,SERVICE1_CHAR1_GATT_NOTIFY_ATTRIBUTE_WRITE,CFG_LSCLK_LSE,INCLUDE_AD_TYPE_16_BIT_SERV_UUID_CMPLT_LIST,INCLUDE_AD_TYPE_LE_ROLE,INCLUDE_AD_TYPE_SHORTENED_LOCAL_NAME,AD_TYPE_SHORTENED_LOCAL_NAME,AD_TYPE_SHORTENED_LOCAL_NAME_LENGTH,CFG_LPM_SUPPORTED,CFG_USE_SMPS,CFG_LPM_STANDBY_SUPPORTED,CFG_HW_RESET_BY_FW,CFG_TX_POWER
STM32_WPAN.NUMBER_OF_SERVICES=1
STM32_WPAN.PAIRING_PARAMETERS=ON
STM32_WPAN.SERVICE1_CHAR1_GATT_NOTIFY_ATTRIBUTE_WRITE=\ 
STM32_WPAN.SERVICE1_CHAR1_GATT_NOTIFY_WRITE_REQ_AND_WAIT_FOR_APPL_RESP=\ 
STM32_WPAN.SERVICE1_CHAR1_LENGTH_CHARACTERISTIC=CHAR_VALUE_LEN_VARIABLE
STM32_WPAN.SERVICE1_CHAR1_LONG_NAME=Temperature_Pressure
STM32_WPAN.SERVICE1_CHAR1_PROP_NOTIFY=CHAR_PROP_NOTIFY
STM32_WPAN.SERVICE1_CHAR1_PROP_READ=CHAR_PROP_READ
STM32_WPAN.SERVICE1_CHAR1_SHORT_NAME=Temperature_Pressure
STM32_WPAN.SERVICE1_CHAR1_UUID=23 22
STM32_WPAN.SERVICE1_CHAR1_VALUE_LENGTH=8
STM32_WPAN.SERVICE1_LONG_NAME=sensor
STM32_WPAN.SERVICE1_SHORT_NAME=sensor
STM32_WPAN.SERVICE1_UUID=23 25
VP_HSEM_VS_HSEM.Mode=HSEM_Activate
VP_HSEM_VS_HSEM.Signal=HSEM_VS_HSEM
VP_IPCC_VS_IPCC.Mode=IPCC_Activate
VP_IPCC_VS_IPCC.Signal=IPCC_VS_IPCC
VP_LPTIM1_VS_LPTIM_counterModeInternalClock.Mode=Counts__internal_clock_event_00
VP_LPTIM1_VS_LPTIM_counterModeInternalClock.Signal=LPTIM1_VS_LPTIM_counterModeInternalClock
VP_MEMORYMAP_VS_MEMORYMAP.Mode=CurAppReg
VP_MEMORYMAP_VS_MEMORYMAP.Signal=MEMORYMAP_VS_MEMORYMAP
VP_RCC_V_OSC32_IN.Mode=LSE-External-Clock-Source
VP_RCC_V_OSC32_IN.Signal=RCC_V_OSC32_IN
VP_RCC_V_OSC_IN.Mode=HSE-External-Clock-Source
VP_RCC_V_OSC_IN.Signal=RCC_V_OSC_IN
VP_RF_VS_RF.Mode=RF_Activate
VP_RF_VS_RF.Signal=RF_VS_RF
VP_RTC_VS_RTC_Activate.Mode=RTC_Enabled
VP_RTC_VS_RTC_Activate.Signal=RTC_VS_RTC_Activate
VP_RTC_VS_RTC_WakeUp_intern.Mode=WakeUp
VP_RTC_VS_RTC_WakeUp_intern.Signal=RTC_VS_RTC_WakeUp_intern
VP_SEQUENCER_VS_SEQUENCER.Mode=SEQUENCER_Enabled
VP_SEQUENCER_VS_SEQUENCER.Signal=SEQUENCER_VS_SEQUENCER
VP_STM32_WPAN_VS_BLE_HOST.Mode=STM32_WPAN_Enabled
VP_STM32_WPAN_VS_BLE_HOST.Signal=STM32_WPAN_VS_BLE_HOST
VP_SYS_VS_Systick.Mode=SysTick
VP_SYS_VS_Systick.Signal=SYS_VS_Systick
VP_TINY_LPM_VS_TINY_LPM.Mode=TINY_LPM_Enabled
VP_TINY_LPM_VS_TINY_LPM.Signal=TINY_LPM_VS_TINY_LPM
board=custom
isbadioc=false
